// !$*UTF8*$!
{
	archiveVersion = 1;
	classes = {
	};
	objectVersion = 50;
	objects = {

/* Begin PBXBuildFile section */
		38AAC03C2DA34F2514A8EF95 /* Pods_Clerkie_challenge.framework in Frameworks */ = {isa = PBXBuildFile; fileRef = CA5F1A1C2DB48A8333A32CC1 /* Pods_Clerkie_challenge.framework */; };
		3EB4061AF80D98989F22A54A /* Pods_Clerkie_challengeUITests.framework in Frameworks */ = {isa = PBXBuildFile; fileRef = 4093EAB7C8EB8B5734F596C3 /* Pods_Clerkie_challengeUITests.framework */; };
		8A4AFA362152E1E500DCDA8E /* Extensions.swift in Sources */ = {isa = PBXBuildFile; fileRef = 8A4AFA352152E1E500DCDA8E /* Extensions.swift */; };
		8A71A77621583CC70017772B /* typing.json in Resources */ = {isa = PBXBuildFile; fileRef = 8A71A77521583CC70017772B /* typing.json */; };
		8A71A7782158498A0017772B /* BaseInfoCollectionViewCell.swift in Sources */ = {isa = PBXBuildFile; fileRef = 8A71A7772158498A0017772B /* BaseInfoCollectionViewCell.swift */; };
		8A94A728215231050048EA9E /* Main.storyboard in Resources */ = {isa = PBXBuildFile; fileRef = 8A94A727215231050048EA9E /* Main.storyboard */; };
		8A94A72C215231740048EA9E /* LoginVC.swift in Sources */ = {isa = PBXBuildFile; fileRef = 8A94A72B215231740048EA9E /* LoginVC.swift */; };
		8A94A72E215231CC0048EA9E /* GoogleService-Info.plist in Resources */ = {isa = PBXBuildFile; fileRef = 8A94A72D215231CC0048EA9E /* GoogleService-Info.plist */; };
		8A96B2BF21522A5E002A65D2 /* AppDelegate.swift in Sources */ = {isa = PBXBuildFile; fileRef = 8A96B2BE21522A5E002A65D2 /* AppDelegate.swift */; };
		8A96B2C621522A5F002A65D2 /* Assets.xcassets in Resources */ = {isa = PBXBuildFile; fileRef = 8A96B2C521522A5F002A65D2 /* Assets.xcassets */; };
		8A96B2C921522A5F002A65D2 /* LaunchScreen.storyboard in Resources */ = {isa = PBXBuildFile; fileRef = 8A96B2C721522A5F002A65D2 /* LaunchScreen.storyboard */; };
		8A96B2D421522A5F002A65D2 /* Clerkie_challengeTests.swift in Sources */ = {isa = PBXBuildFile; fileRef = 8A96B2D321522A5F002A65D2 /* Clerkie_challengeTests.swift */; };
		8A96B2DF21522A5F002A65D2 /* Clerkie_challengeUITests.swift in Sources */ = {isa = PBXBuildFile; fileRef = 8A96B2DE21522A5F002A65D2 /* Clerkie_challengeUITests.swift */; };
		8A96B2ED21522CE9002A65D2 /* GoogleService-Info.plist in Resources */ = {isa = PBXBuildFile; fileRef = 8A96B2EC21522CE8002A65D2 /* GoogleService-Info.plist */; };
		8AA16F67215384C2002A045C /* SignupVC.swift in Sources */ = {isa = PBXBuildFile; fileRef = 8AA16F65215384C1002A045C /* SignupVC.swift */; };
		8AA16F68215384C2002A045C /* SignupVC.xib in Resources */ = {isa = PBXBuildFile; fileRef = 8AA16F66215384C1002A045C /* SignupVC.xib */; };
		8AA16F6B21538ACF002A045C /* AuthServices.swift in Sources */ = {isa = PBXBuildFile; fileRef = 8AA16F6A21538ACF002A045C /* AuthServices.swift */; };
		8AA16F6D21538FFE002A045C /* Constants.swift in Sources */ = {isa = PBXBuildFile; fileRef = 8AA16F6C21538FFE002A045C /* Constants.swift */; };
		8AA16F6F21539471002A045C /* ChatVC.swift in Sources */ = {isa = PBXBuildFile; fileRef = 8AA16F6E21539471002A045C /* ChatVC.swift */; };
		8AA16F772154DB3E002A045C /* MessageTableViewCell.swift in Sources */ = {isa = PBXBuildFile; fileRef = 8AA16F752154DB3E002A045C /* MessageTableViewCell.swift */; };
		8AA16F782154DB3E002A045C /* MessageTableViewCell.xib in Resources */ = {isa = PBXBuildFile; fileRef = 8AA16F762154DB3E002A045C /* MessageTableViewCell.xib */; };
		8AA16F7A2154E0A3002A045C /* Message.swift in Sources */ = {isa = PBXBuildFile; fileRef = 8AA16F792154E0A3002A045C /* Message.swift */; };
		8AA16F7C2154EC81002A045C /* ChatServices.swift in Sources */ = {isa = PBXBuildFile; fileRef = 8AA16F7B2154EC81002A045C /* ChatServices.swift */; };
		8AD01B912155F01D005E420D /* Loader.json in Resources */ = {isa = PBXBuildFile; fileRef = 8AD01B902155F01D005E420D /* Loader.json */; };
		8AD01B932155F7A7005E420D /* ButtonCollectionViewCell.swift in Sources */ = {isa = PBXBuildFile; fileRef = 8AD01B922155F7A7005E420D /* ButtonCollectionViewCell.swift */; };
		8AD01B9721561B0D005E420D /* AnalyticsVC.swift in Sources */ = {isa = PBXBuildFile; fileRef = 8AD01B9621561B0D005E420D /* AnalyticsVC.swift */; };
		8AFC779E2152D5B60080B6F5 /* Logo.json in Resources */ = {isa = PBXBuildFile; fileRef = 8AFC779D2152D5B60080B6F5 /* Logo.json */; };
		AAD5626274C3F6E6664AC960 /* Pods_Clerkie_challengeTests.framework in Frameworks */ = {isa = PBXBuildFile; fileRef = 7F2446342EFFCF4333E441E4 /* Pods_Clerkie_challengeTests.framework */; };
/* End PBXBuildFile section */

/* Begin PBXContainerItemProxy section */
		8A96B2D021522A5F002A65D2 /* PBXContainerItemProxy */ = {
			isa = PBXContainerItemProxy;
			containerPortal = 8A96B2B321522A5E002A65D2 /* Project object */;
			proxyType = 1;
			remoteGlobalIDString = 8A96B2BA21522A5E002A65D2;
			remoteInfo = "Clerkie-challenge";
		};
		8A96B2DB21522A5F002A65D2 /* PBXContainerItemProxy */ = {
			isa = PBXContainerItemProxy;
			containerPortal = 8A96B2B321522A5E002A65D2 /* Project object */;
			proxyType = 1;
			remoteGlobalIDString = 8A96B2BA21522A5E002A65D2;
			remoteInfo = "Clerkie-challenge";
		};
/* End PBXContainerItemProxy section */

/* Begin PBXFileReference section */
		36157E8C7544471D510E0E74 /* Pods-Clerkie-challenge.release.xcconfig */ = {isa = PBXFileReference; includeInIndex = 1; lastKnownFileType = text.xcconfig; name = "Pods-Clerkie-challenge.release.xcconfig"; path = "Pods/Target Support Files/Pods-Clerkie-challenge/Pods-Clerkie-challenge.release.xcconfig"; sourceTree = "<group>"; };
		4093EAB7C8EB8B5734F596C3 /* Pods_Clerkie_challengeUITests.framework */ = {isa = PBXFileReference; explicitFileType = wrapper.framework; includeInIndex = 0; path = Pods_Clerkie_challengeUITests.framework; sourceTree = BUILT_PRODUCTS_DIR; };
		482DB9DF2EB5D49E84A8C1C2 /* Pods-Clerkie-challengeTests.release.xcconfig */ = {isa = PBXFileReference; includeInIndex = 1; lastKnownFileType = text.xcconfig; name = "Pods-Clerkie-challengeTests.release.xcconfig"; path = "Pods/Target Support Files/Pods-Clerkie-challengeTests/Pods-Clerkie-challengeTests.release.xcconfig"; sourceTree = "<group>"; };
		5D37E627AE64053A7F3CC081 /* Pods-Clerkie-challengeTests.debug.xcconfig */ = {isa = PBXFileReference; includeInIndex = 1; lastKnownFileType = text.xcconfig; name = "Pods-Clerkie-challengeTests.debug.xcconfig"; path = "Pods/Target Support Files/Pods-Clerkie-challengeTests/Pods-Clerkie-challengeTests.debug.xcconfig"; sourceTree = "<group>"; };
		6639B224F44C2832EE774746 /* Pods-Clerkie-challengeUITests.release.xcconfig */ = {isa = PBXFileReference; includeInIndex = 1; lastKnownFileType = text.xcconfig; name = "Pods-Clerkie-challengeUITests.release.xcconfig"; path = "Pods/Target Support Files/Pods-Clerkie-challengeUITests/Pods-Clerkie-challengeUITests.release.xcconfig"; sourceTree = "<group>"; };
		721D5D58FF0525A79A2D6E5F /* Pods-Clerkie-challengeUITests.debug.xcconfig */ = {isa = PBXFileReference; includeInIndex = 1; lastKnownFileType = text.xcconfig; name = "Pods-Clerkie-challengeUITests.debug.xcconfig"; path = "Pods/Target Support Files/Pods-Clerkie-challengeUITests/Pods-Clerkie-challengeUITests.debug.xcconfig"; sourceTree = "<group>"; };
		7F2446342EFFCF4333E441E4 /* Pods_Clerkie_challengeTests.framework */ = {isa = PBXFileReference; explicitFileType = wrapper.framework; includeInIndex = 0; path = Pods_Clerkie_challengeTests.framework; sourceTree = BUILT_PRODUCTS_DIR; };
		8A4AFA352152E1E500DCDA8E /* Extensions.swift */ = {isa = PBXFileReference; lastKnownFileType = sourcecode.swift; path = Extensions.swift; sourceTree = "<group>"; };
		8A71A77521583CC70017772B /* typing.json */ = {isa = PBXFileReference; fileEncoding = 4; lastKnownFileType = text.json; path = typing.json; sourceTree = "<group>"; };
		8A71A7772158498A0017772B /* BaseInfoCollectionViewCell.swift */ = {isa = PBXFileReference; lastKnownFileType = sourcecode.swift; path = BaseInfoCollectionViewCell.swift; sourceTree = "<group>"; };
		8A94A727215231050048EA9E /* Main.storyboard */ = {isa = PBXFileReference; lastKnownFileType = file.storyboard; path = Main.storyboard; sourceTree = "<group>"; };
		8A94A72B215231740048EA9E /* LoginVC.swift */ = {isa = PBXFileReference; lastKnownFileType = sourcecode.swift; path = LoginVC.swift; sourceTree = "<group>"; };
		8A94A72D215231CC0048EA9E /* GoogleService-Info.plist */ = {isa = PBXFileReference; fileEncoding = 4; lastKnownFileType = text.plist.xml; path = "GoogleService-Info.plist"; sourceTree = "<group>"; };
		8A96B2BB21522A5E002A65D2 /* Clerkie-challenge.app */ = {isa = PBXFileReference; explicitFileType = wrapper.application; includeInIndex = 0; path = "Clerkie-challenge.app"; sourceTree = BUILT_PRODUCTS_DIR; };
		8A96B2BE21522A5E002A65D2 /* AppDelegate.swift */ = {isa = PBXFileReference; lastKnownFileType = sourcecode.swift; path = AppDelegate.swift; sourceTree = "<group>"; };
		8A96B2C521522A5F002A65D2 /* Assets.xcassets */ = {isa = PBXFileReference; lastKnownFileType = folder.assetcatalog; path = Assets.xcassets; sourceTree = "<group>"; };
		8A96B2C821522A5F002A65D2 /* Base */ = {isa = PBXFileReference; lastKnownFileType = file.storyboard; name = Base; path = Base.lproj/LaunchScreen.storyboard; sourceTree = "<group>"; };
		8A96B2CA21522A5F002A65D2 /* Info.plist */ = {isa = PBXFileReference; lastKnownFileType = text.plist.xml; path = Info.plist; sourceTree = "<group>"; };
		8A96B2CF21522A5F002A65D2 /* Clerkie-challengeTests.xctest */ = {isa = PBXFileReference; explicitFileType = wrapper.cfbundle; includeInIndex = 0; path = "Clerkie-challengeTests.xctest"; sourceTree = BUILT_PRODUCTS_DIR; };
		8A96B2D321522A5F002A65D2 /* Clerkie_challengeTests.swift */ = {isa = PBXFileReference; lastKnownFileType = sourcecode.swift; path = Clerkie_challengeTests.swift; sourceTree = "<group>"; };
		8A96B2D521522A5F002A65D2 /* Info.plist */ = {isa = PBXFileReference; lastKnownFileType = text.plist.xml; path = Info.plist; sourceTree = "<group>"; };
		8A96B2DA21522A5F002A65D2 /* Clerkie-challengeUITests.xctest */ = {isa = PBXFileReference; explicitFileType = wrapper.cfbundle; includeInIndex = 0; path = "Clerkie-challengeUITests.xctest"; sourceTree = BUILT_PRODUCTS_DIR; };
		8A96B2DE21522A5F002A65D2 /* Clerkie_challengeUITests.swift */ = {isa = PBXFileReference; lastKnownFileType = sourcecode.swift; path = Clerkie_challengeUITests.swift; sourceTree = "<group>"; };
		8A96B2E021522A60002A65D2 /* Info.plist */ = {isa = PBXFileReference; lastKnownFileType = text.plist.xml; path = Info.plist; sourceTree = "<group>"; };
		8A96B2EC21522CE8002A65D2 /* GoogleService-Info.plist */ = {isa = PBXFileReference; fileEncoding = 4; lastKnownFileType = text.plist.xml; path = "GoogleService-Info.plist"; sourceTree = "<group>"; };
		8AA16F65215384C1002A045C /* SignupVC.swift */ = {isa = PBXFileReference; fileEncoding = 4; lastKnownFileType = sourcecode.swift; path = SignupVC.swift; sourceTree = "<group>"; };
		8AA16F66215384C1002A045C /* SignupVC.xib */ = {isa = PBXFileReference; fileEncoding = 4; lastKnownFileType = file.xib; path = SignupVC.xib; sourceTree = "<group>"; };
		8AA16F6A21538ACF002A045C /* AuthServices.swift */ = {isa = PBXFileReference; lastKnownFileType = sourcecode.swift; path = AuthServices.swift; sourceTree = "<group>"; };
		8AA16F6C21538FFE002A045C /* Constants.swift */ = {isa = PBXFileReference; lastKnownFileType = sourcecode.swift; path = Constants.swift; sourceTree = "<group>"; };
		8AA16F6E21539471002A045C /* ChatVC.swift */ = {isa = PBXFileReference; lastKnownFileType = sourcecode.swift; path = ChatVC.swift; sourceTree = "<group>"; };
		8AA16F752154DB3E002A045C /* MessageTableViewCell.swift */ = {isa = PBXFileReference; lastKnownFileType = sourcecode.swift; path = MessageTableViewCell.swift; sourceTree = "<group>"; };
		8AA16F762154DB3E002A045C /* MessageTableViewCell.xib */ = {isa = PBXFileReference; lastKnownFileType = file.xib; path = MessageTableViewCell.xib; sourceTree = "<group>"; };
		8AA16F792154E0A3002A045C /* Message.swift */ = {isa = PBXFileReference; lastKnownFileType = sourcecode.swift; path = Message.swift; sourceTree = "<group>"; };
		8AA16F7B2154EC81002A045C /* ChatServices.swift */ = {isa = PBXFileReference; lastKnownFileType = sourcecode.swift; path = ChatServices.swift; sourceTree = "<group>"; };
		8AD01B902155F01D005E420D /* Loader.json */ = {isa = PBXFileReference; fileEncoding = 4; lastKnownFileType = text.json; name = Loader.json; path = ../../../Downloads/Loader.json; sourceTree = "<group>"; };
		8AD01B922155F7A7005E420D /* ButtonCollectionViewCell.swift */ = {isa = PBXFileReference; lastKnownFileType = sourcecode.swift; path = ButtonCollectionViewCell.swift; sourceTree = "<group>"; };
		8AD01B9621561B0D005E420D /* AnalyticsVC.swift */ = {isa = PBXFileReference; lastKnownFileType = sourcecode.swift; path = AnalyticsVC.swift; sourceTree = "<group>"; };
		8AFC779D2152D5B60080B6F5 /* Logo.json */ = {isa = PBXFileReference; fileEncoding = 4; lastKnownFileType = text.json; path = Logo.json; sourceTree = "<group>"; };
		97CC1A6826A5A55544C28827 /* Pods-Clerkie-challenge.debug.xcconfig */ = {isa = PBXFileReference; includeInIndex = 1; lastKnownFileType = text.xcconfig; name = "Pods-Clerkie-challenge.debug.xcconfig"; path = "Pods/Target Support Files/Pods-Clerkie-challenge/Pods-Clerkie-challenge.debug.xcconfig"; sourceTree = "<group>"; };
		CA5F1A1C2DB48A8333A32CC1 /* Pods_Clerkie_challenge.framework */ = {isa = PBXFileReference; explicitFileType = wrapper.framework; includeInIndex = 0; path = Pods_Clerkie_challenge.framework; sourceTree = BUILT_PRODUCTS_DIR; };
/* End PBXFileReference section */

/* Begin PBXFrameworksBuildPhase section */
		8A96B2B821522A5E002A65D2 /* Frameworks */ = {
			isa = PBXFrameworksBuildPhase;
			buildActionMask = 2147483647;
			files = (
				38AAC03C2DA34F2514A8EF95 /* Pods_Clerkie_challenge.framework in Frameworks */,
			);
			runOnlyForDeploymentPostprocessing = 0;
		};
		8A96B2CC21522A5F002A65D2 /* Frameworks */ = {
			isa = PBXFrameworksBuildPhase;
			buildActionMask = 2147483647;
			files = (
				AAD5626274C3F6E6664AC960 /* Pods_Clerkie_challengeTests.framework in Frameworks */,
			);
			runOnlyForDeploymentPostprocessing = 0;
		};
		8A96B2D721522A5F002A65D2 /* Frameworks */ = {
			isa = PBXFrameworksBuildPhase;
			buildActionMask = 2147483647;
			files = (
				3EB4061AF80D98989F22A54A /* Pods_Clerkie_challengeUITests.framework in Frameworks */,
			);
			runOnlyForDeploymentPostprocessing = 0;
		};
/* End PBXFrameworksBuildPhase section */

/* Begin PBXGroup section */
		30DFFD9A8F7106863B0A345A /* Frameworks */ = {
			isa = PBXGroup;
			children = (
				CA5F1A1C2DB48A8333A32CC1 /* Pods_Clerkie_challenge.framework */,
				7F2446342EFFCF4333E441E4 /* Pods_Clerkie_challengeTests.framework */,
				4093EAB7C8EB8B5734F596C3 /* Pods_Clerkie_challengeUITests.framework */,
			);
			name = Frameworks;
			sourceTree = "<group>";
		};
		8A4AFA342152E19800DCDA8E /* Utilities */ = {
			isa = PBXGroup;
			children = (
				8A4AFA352152E1E500DCDA8E /* Extensions.swift */,
				8AA16F6C21538FFE002A045C /* Constants.swift */,
			);
			path = Utilities;
			sourceTree = "<group>";
		};
		8A94A72221522F1E0048EA9E /* Model */ = {
			isa = PBXGroup;
			children = (
				8AA16F792154E0A3002A045C /* Message.swift */,
			);
			path = Model;
			sourceTree = "<group>";
		};
		8A94A72321522F230048EA9E /* View */ = {
			isa = PBXGroup;
			children = (
				8AA16F742154DB1C002A045C /* Custom Cell */,
				8A94A727215231050048EA9E /* Main.storyboard */,
				8AA16F66215384C1002A045C /* SignupVC.xib */,
			);
			path = View;
			sourceTree = "<group>";
		};
		8A94A72421522F270048EA9E /* Controller */ = {
			isa = PBXGroup;
			children = (
				8A94A72B215231740048EA9E /* LoginVC.swift */,
				8AA16F65215384C1002A045C /* SignupVC.swift */,
				8AA16F6E21539471002A045C /* ChatVC.swift */,
				8AD01B9621561B0D005E420D /* AnalyticsVC.swift */,
			);
			path = Controller;
			sourceTree = "<group>";
		};
		8A94A72F2152CF2A0048EA9E /* Animations */ = {
			isa = PBXGroup;
			children = (
				8AD01B902155F01D005E420D /* Loader.json */,
				8AFC779D2152D5B60080B6F5 /* Logo.json */,
				8A71A77521583CC70017772B /* typing.json */,
			);
			path = Animations;
			sourceTree = "<group>";
		};
		8A96B2B221522A5E002A65D2 = {
			isa = PBXGroup;
			children = (
				8A96B2BD21522A5E002A65D2 /* Clerkie-challenge */,
				8A96B2D221522A5F002A65D2 /* Clerkie-challengeTests */,
				8A96B2DD21522A5F002A65D2 /* Clerkie-challengeUITests */,
				8A96B2BC21522A5E002A65D2 /* Products */,
				9DA9A5F00FC85F22B27D6A3E /* Pods */,
				30DFFD9A8F7106863B0A345A /* Frameworks */,
			);
			sourceTree = "<group>";
		};
		8A96B2BC21522A5E002A65D2 /* Products */ = {
			isa = PBXGroup;
			children = (
				8A96B2BB21522A5E002A65D2 /* Clerkie-challenge.app */,
				8A96B2CF21522A5F002A65D2 /* Clerkie-challengeTests.xctest */,
				8A96B2DA21522A5F002A65D2 /* Clerkie-challengeUITests.xctest */,
			);
			name = Products;
			sourceTree = "<group>";
		};
		8A96B2BD21522A5E002A65D2 /* Clerkie-challenge */ = {
			isa = PBXGroup;
			children = (
				8AA16F69215389D0002A045C /* Services */,
				8A4AFA342152E19800DCDA8E /* Utilities */,
				8A94A72F2152CF2A0048EA9E /* Animations */,
				8A94A72221522F1E0048EA9E /* Model */,
				8A94A72321522F230048EA9E /* View */,
				8A94A72421522F270048EA9E /* Controller */,
				8A96B2BE21522A5E002A65D2 /* AppDelegate.swift */,
				8A96B2C521522A5F002A65D2 /* Assets.xcassets */,
				8A96B2C721522A5F002A65D2 /* LaunchScreen.storyboard */,
				8A96B2CA21522A5F002A65D2 /* Info.plist */,
				8A94A72D215231CC0048EA9E /* GoogleService-Info.plist */,
			);
			path = "Clerkie-challenge";
			sourceTree = "<group>";
		};
		8A96B2D221522A5F002A65D2 /* Clerkie-challengeTests */ = {
			isa = PBXGroup;
			children = (
				8A96B2D321522A5F002A65D2 /* Clerkie_challengeTests.swift */,
				8A96B2D521522A5F002A65D2 /* Info.plist */,
			);
			path = "Clerkie-challengeTests";
			sourceTree = "<group>";
		};
		8A96B2DD21522A5F002A65D2 /* Clerkie-challengeUITests */ = {
			isa = PBXGroup;
			children = (
				8A96B2DE21522A5F002A65D2 /* Clerkie_challengeUITests.swift */,
				8A96B2E021522A60002A65D2 /* Info.plist */,
				8A96B2EC21522CE8002A65D2 /* GoogleService-Info.plist */,
			);
			path = "Clerkie-challengeUITests";
			sourceTree = "<group>";
		};
		8AA16F69215389D0002A045C /* Services */ = {
			isa = PBXGroup;
			children = (
				8AA16F6A21538ACF002A045C /* AuthServices.swift */,
				8AA16F7B2154EC81002A045C /* ChatServices.swift */,
			);
			path = Services;
			sourceTree = "<group>";
		};
		8AA16F742154DB1C002A045C /* Custom Cell */ = {
			isa = PBXGroup;
			children = (
				8AA16F752154DB3E002A045C /* MessageTableViewCell.swift */,
				8AA16F762154DB3E002A045C /* MessageTableViewCell.xib */,
				8AD01B922155F7A7005E420D /* ButtonCollectionViewCell.swift */,
				8A71A7772158498A0017772B /* BaseInfoCollectionViewCell.swift */,
			);
			path = "Custom Cell";
			sourceTree = "<group>";
		};
		9DA9A5F00FC85F22B27D6A3E /* Pods */ = {
			isa = PBXGroup;
			children = (
				97CC1A6826A5A55544C28827 /* Pods-Clerkie-challenge.debug.xcconfig */,
				36157E8C7544471D510E0E74 /* Pods-Clerkie-challenge.release.xcconfig */,
				5D37E627AE64053A7F3CC081 /* Pods-Clerkie-challengeTests.debug.xcconfig */,
				482DB9DF2EB5D49E84A8C1C2 /* Pods-Clerkie-challengeTests.release.xcconfig */,
				721D5D58FF0525A79A2D6E5F /* Pods-Clerkie-challengeUITests.debug.xcconfig */,
				6639B224F44C2832EE774746 /* Pods-Clerkie-challengeUITests.release.xcconfig */,
			);
			name = Pods;
			sourceTree = "<group>";
		};
/* End PBXGroup section */

/* Begin PBXNativeTarget section */
		8A96B2BA21522A5E002A65D2 /* Clerkie-challenge */ = {
			isa = PBXNativeTarget;
			buildConfigurationList = 8A96B2E321522A60002A65D2 /* Build configuration list for PBXNativeTarget "Clerkie-challenge" */;
			buildPhases = (
				0EE231ADE0187F29D2FE57B0 /* [CP] Check Pods Manifest.lock */,
				8A96B2B721522A5E002A65D2 /* Sources */,
				8A96B2B821522A5E002A65D2 /* Frameworks */,
				8A96B2B921522A5E002A65D2 /* Resources */,
				9AF9357E6E921D85FE399807 /* [CP] Embed Pods Frameworks */,
			);
			buildRules = (
			);
			dependencies = (
			);
			name = "Clerkie-challenge";
			productName = "Clerkie-challenge";
			productReference = 8A96B2BB21522A5E002A65D2 /* Clerkie-challenge.app */;
			productType = "com.apple.product-type.application";
		};
		8A96B2CE21522A5F002A65D2 /* Clerkie-challengeTests */ = {
			isa = PBXNativeTarget;
			buildConfigurationList = 8A96B2E621522A60002A65D2 /* Build configuration list for PBXNativeTarget "Clerkie-challengeTests" */;
			buildPhases = (
				917C632DDD46BE1C51C43B29 /* [CP] Check Pods Manifest.lock */,
				8A96B2CB21522A5F002A65D2 /* Sources */,
				8A96B2CC21522A5F002A65D2 /* Frameworks */,
				8A96B2CD21522A5F002A65D2 /* Resources */,
			);
			buildRules = (
			);
			dependencies = (
				8A96B2D121522A5F002A65D2 /* PBXTargetDependency */,
			);
			name = "Clerkie-challengeTests";
			productName = "Clerkie-challengeTests";
			productReference = 8A96B2CF21522A5F002A65D2 /* Clerkie-challengeTests.xctest */;
			productType = "com.apple.product-type.bundle.unit-test";
		};
		8A96B2D921522A5F002A65D2 /* Clerkie-challengeUITests */ = {
			isa = PBXNativeTarget;
			buildConfigurationList = 8A96B2E921522A60002A65D2 /* Build configuration list for PBXNativeTarget "Clerkie-challengeUITests" */;
			buildPhases = (
				8131EFD28149768A84B7DAB8 /* [CP] Check Pods Manifest.lock */,
				8A96B2D621522A5F002A65D2 /* Sources */,
				8A96B2D721522A5F002A65D2 /* Frameworks */,
				8A96B2D821522A5F002A65D2 /* Resources */,
			);
			buildRules = (
			);
			dependencies = (
				8A96B2DC21522A5F002A65D2 /* PBXTargetDependency */,
			);
			name = "Clerkie-challengeUITests";
			productName = "Clerkie-challengeUITests";
			productReference = 8A96B2DA21522A5F002A65D2 /* Clerkie-challengeUITests.xctest */;
			productType = "com.apple.product-type.bundle.ui-testing";
		};
/* End PBXNativeTarget section */

/* Begin PBXProject section */
		8A96B2B321522A5E002A65D2 /* Project object */ = {
			isa = PBXProject;
			attributes = {
				LastSwiftUpdateCheck = 0940;
				LastUpgradeCheck = 0940;
				ORGANIZATIONNAME = "Antonio Chan";
				TargetAttributes = {
					8A96B2BA21522A5E002A65D2 = {
						CreatedOnToolsVersion = 9.4.1;
					};
					8A96B2CE21522A5F002A65D2 = {
						CreatedOnToolsVersion = 9.4.1;
						TestTargetID = 8A96B2BA21522A5E002A65D2;
					};
					8A96B2D921522A5F002A65D2 = {
						CreatedOnToolsVersion = 9.4.1;
						TestTargetID = 8A96B2BA21522A5E002A65D2;
					};
				};
			};
			buildConfigurationList = 8A96B2B621522A5E002A65D2 /* Build configuration list for PBXProject "Clerkie-challenge" */;
			compatibilityVersion = "Xcode 9.3";
			developmentRegion = en;
			hasScannedForEncodings = 0;
			knownRegions = (
				en,
				Base,
			);
			mainGroup = 8A96B2B221522A5E002A65D2;
			productRefGroup = 8A96B2BC21522A5E002A65D2 /* Products */;
			projectDirPath = "";
			projectRoot = "";
			targets = (
				8A96B2BA21522A5E002A65D2 /* Clerkie-challenge */,
				8A96B2CE21522A5F002A65D2 /* Clerkie-challengeTests */,
				8A96B2D921522A5F002A65D2 /* Clerkie-challengeUITests */,
			);
		};
/* End PBXProject section */

/* Begin PBXResourcesBuildPhase section */
		8A96B2B921522A5E002A65D2 /* Resources */ = {
			isa = PBXResourcesBuildPhase;
			buildActionMask = 2147483647;
			files = (
				8A94A728215231050048EA9E /* Main.storyboard in Resources */,
				8A94A72E215231CC0048EA9E /* GoogleService-Info.plist in Resources */,
				8AD01B912155F01D005E420D /* Loader.json in Resources */,
				8A96B2C921522A5F002A65D2 /* LaunchScreen.storyboard in Resources */,
				8A96B2C621522A5F002A65D2 /* Assets.xcassets in Resources */,
				8AA16F68215384C2002A045C /* SignupVC.xib in Resources */,
				8A71A77621583CC70017772B /* typing.json in Resources */,
				8AA16F782154DB3E002A045C /* MessageTableViewCell.xib in Resources */,
				8AFC779E2152D5B60080B6F5 /* Logo.json in Resources */,
			);
			runOnlyForDeploymentPostprocessing = 0;
		};
		8A96B2CD21522A5F002A65D2 /* Resources */ = {
			isa = PBXResourcesBuildPhase;
			buildActionMask = 2147483647;
			files = (
			);
			runOnlyForDeploymentPostprocessing = 0;
		};
		8A96B2D821522A5F002A65D2 /* Resources */ = {
			isa = PBXResourcesBuildPhase;
			buildActionMask = 2147483647;
			files = (
				8A96B2ED21522CE9002A65D2 /* GoogleService-Info.plist in Resources */,
			);
			runOnlyForDeploymentPostprocessing = 0;
		};
/* End PBXResourcesBuildPhase section */

/* Begin PBXShellScriptBuildPhase section */
		0EE231ADE0187F29D2FE57B0 /* [CP] Check Pods Manifest.lock */ = {
			isa = PBXShellScriptBuildPhase;
			buildActionMask = 2147483647;
			files = (
			);
			inputPaths = (
				"${PODS_PODFILE_DIR_PATH}/Podfile.lock",
				"${PODS_ROOT}/Manifest.lock",
			);
			name = "[CP] Check Pods Manifest.lock";
			outputPaths = (
				"$(DERIVED_FILE_DIR)/Pods-Clerkie-challenge-checkManifestLockResult.txt",
			);
			runOnlyForDeploymentPostprocessing = 0;
			shellPath = /bin/sh;
			shellScript = "diff \"${PODS_PODFILE_DIR_PATH}/Podfile.lock\" \"${PODS_ROOT}/Manifest.lock\" > /dev/null\nif [ $? != 0 ] ; then\n    # print error to STDERR\n    echo \"error: The sandbox is not in sync with the Podfile.lock. Run 'pod install' or update your CocoaPods installation.\" >&2\n    exit 1\nfi\n# This output is used by Xcode 'outputs' to avoid re-running this script phase.\necho \"SUCCESS\" > \"${SCRIPT_OUTPUT_FILE_0}\"\n";
			showEnvVarsInLog = 0;
		};
		8131EFD28149768A84B7DAB8 /* [CP] Check Pods Manifest.lock */ = {
			isa = PBXShellScriptBuildPhase;
			buildActionMask = 2147483647;
			files = (
			);
			inputPaths = (
				"${PODS_PODFILE_DIR_PATH}/Podfile.lock",
				"${PODS_ROOT}/Manifest.lock",
			);
			name = "[CP] Check Pods Manifest.lock";
			outputPaths = (
				"$(DERIVED_FILE_DIR)/Pods-Clerkie-challengeUITests-checkManifestLockResult.txt",
			);
			runOnlyForDeploymentPostprocessing = 0;
			shellPath = /bin/sh;
			shellScript = "diff \"${PODS_PODFILE_DIR_PATH}/Podfile.lock\" \"${PODS_ROOT}/Manifest.lock\" > /dev/null\nif [ $? != 0 ] ; then\n    # print error to STDERR\n    echo \"error: The sandbox is not in sync with the Podfile.lock. Run 'pod install' or update your CocoaPods installation.\" >&2\n    exit 1\nfi\n# This output is used by Xcode 'outputs' to avoid re-running this script phase.\necho \"SUCCESS\" > \"${SCRIPT_OUTPUT_FILE_0}\"\n";
			showEnvVarsInLog = 0;
		};
		917C632DDD46BE1C51C43B29 /* [CP] Check Pods Manifest.lock */ = {
			isa = PBXShellScriptBuildPhase;
			buildActionMask = 2147483647;
			files = (
			);
			inputPaths = (
				"${PODS_PODFILE_DIR_PATH}/Podfile.lock",
				"${PODS_ROOT}/Manifest.lock",
			);
			name = "[CP] Check Pods Manifest.lock";
			outputPaths = (
				"$(DERIVED_FILE_DIR)/Pods-Clerkie-challengeTests-checkManifestLockResult.txt",
			);
			runOnlyForDeploymentPostprocessing = 0;
			shellPath = /bin/sh;
			shellScript = "diff \"${PODS_PODFILE_DIR_PATH}/Podfile.lock\" \"${PODS_ROOT}/Manifest.lock\" > /dev/null\nif [ $? != 0 ] ; then\n    # print error to STDERR\n    echo \"error: The sandbox is not in sync with the Podfile.lock. Run 'pod install' or update your CocoaPods installation.\" >&2\n    exit 1\nfi\n# This output is used by Xcode 'outputs' to avoid re-running this script phase.\necho \"SUCCESS\" > \"${SCRIPT_OUTPUT_FILE_0}\"\n";
			showEnvVarsInLog = 0;
		};
		9AF9357E6E921D85FE399807 /* [CP] Embed Pods Frameworks */ = {
			isa = PBXShellScriptBuildPhase;
			buildActionMask = 2147483647;
			files = (
			);
			inputPaths = (
				"${SRCROOT}/Pods/Target Support Files/Pods-Clerkie-challenge/Pods-Clerkie-challenge-frameworks.sh",
				"${BUILT_PRODUCTS_DIR}/ALTextInputBar/ALTextInputBar.framework",
				"${BUILT_PRODUCTS_DIR}/Charts/Charts.framework",
				"${BUILT_PRODUCTS_DIR}/DynamicBlurView/DynamicBlurView.framework",
				"${BUILT_PRODUCTS_DIR}/GTMSessionFetcher/GTMSessionFetcher.framework",
				"${BUILT_PRODUCTS_DIR}/GoogleUtilities/GoogleUtilities.framework",
				"${BUILT_PRODUCTS_DIR}/IQKeyboardManager/IQKeyboardManager.framework",
				"${BUILT_PRODUCTS_DIR}/PopupDialog/PopupDialog.framework",
				"${BUILT_PRODUCTS_DIR}/TextFieldEffects/TextFieldEffects.framework",
				"${BUILT_PRODUCTS_DIR}/TransitionButton/TransitionButton.framework",
				"${BUILT_PRODUCTS_DIR}/leveldb-library/leveldb.framework",
				"${BUILT_PRODUCTS_DIR}/lottie-ios/Lottie.framework",
				"${BUILT_PRODUCTS_DIR}/nanopb/nanopb.framework",
			);
			name = "[CP] Embed Pods Frameworks";
			outputPaths = (
				"${TARGET_BUILD_DIR}/${FRAMEWORKS_FOLDER_PATH}/ALTextInputBar.framework",
				"${TARGET_BUILD_DIR}/${FRAMEWORKS_FOLDER_PATH}/Charts.framework",
				"${TARGET_BUILD_DIR}/${FRAMEWORKS_FOLDER_PATH}/DynamicBlurView.framework",
				"${TARGET_BUILD_DIR}/${FRAMEWORKS_FOLDER_PATH}/GTMSessionFetcher.framework",
				"${TARGET_BUILD_DIR}/${FRAMEWORKS_FOLDER_PATH}/GoogleUtilities.framework",
				"${TARGET_BUILD_DIR}/${FRAMEWORKS_FOLDER_PATH}/IQKeyboardManager.framework",
				"${TARGET_BUILD_DIR}/${FRAMEWORKS_FOLDER_PATH}/PopupDialog.framework",
				"${TARGET_BUILD_DIR}/${FRAMEWORKS_FOLDER_PATH}/TextFieldEffects.framework",
				"${TARGET_BUILD_DIR}/${FRAMEWORKS_FOLDER_PATH}/TransitionButton.framework",
				"${TARGET_BUILD_DIR}/${FRAMEWORKS_FOLDER_PATH}/leveldb.framework",
				"${TARGET_BUILD_DIR}/${FRAMEWORKS_FOLDER_PATH}/Lottie.framework",
				"${TARGET_BUILD_DIR}/${FRAMEWORKS_FOLDER_PATH}/nanopb.framework",
			);
			runOnlyForDeploymentPostprocessing = 0;
			shellPath = /bin/sh;
			shellScript = "\"${SRCROOT}/Pods/Target Support Files/Pods-Clerkie-challenge/Pods-Clerkie-challenge-frameworks.sh\"\n";
			showEnvVarsInLog = 0;
		};
/* End PBXShellScriptBuildPhase section */

/* Begin PBXSourcesBuildPhase section */
		8A96B2B721522A5E002A65D2 /* Sources */ = {
			isa = PBXSourcesBuildPhase;
			buildActionMask = 2147483647;
			files = (
				8AA16F6B21538ACF002A045C /* AuthServices.swift in Sources */,
				8AA16F6F21539471002A045C /* ChatVC.swift in Sources */,
				8AA16F67215384C2002A045C /* SignupVC.swift in Sources */,
				8A94A72C215231740048EA9E /* LoginVC.swift in Sources */,
				8A4AFA362152E1E500DCDA8E /* Extensions.swift in Sources */,
				8AA16F772154DB3E002A045C /* MessageTableViewCell.swift in Sources */,
				8A96B2BF21522A5E002A65D2 /* AppDelegate.swift in Sources */,
				8AA16F7C2154EC81002A045C /* ChatServices.swift in Sources */,
				8AA16F7A2154E0A3002A045C /* Message.swift in Sources */,
				8A71A7782158498A0017772B /* BaseInfoCollectionViewCell.swift in Sources */,
				8AD01B9721561B0D005E420D /* AnalyticsVC.swift in Sources */,
				8AA16F6D21538FFE002A045C /* Constants.swift in Sources */,
				8AD01B932155F7A7005E420D /* ButtonCollectionViewCell.swift in Sources */,
			);
			runOnlyForDeploymentPostprocessing = 0;
		};
		8A96B2CB21522A5F002A65D2 /* Sources */ = {
			isa = PBXSourcesBuildPhase;
			buildActionMask = 2147483647;
			files = (
				8A96B2D421522A5F002A65D2 /* Clerkie_challengeTests.swift in Sources */,
			);
			runOnlyForDeploymentPostprocessing = 0;
		};
		8A96B2D621522A5F002A65D2 /* Sources */ = {
			isa = PBXSourcesBuildPhase;
			buildActionMask = 2147483647;
			files = (
				8A96B2DF21522A5F002A65D2 /* Clerkie_challengeUITests.swift in Sources */,
			);
			runOnlyForDeploymentPostprocessing = 0;
		};
/* End PBXSourcesBuildPhase section */

/* Begin PBXTargetDependency section */
		8A96B2D121522A5F002A65D2 /* PBXTargetDependency */ = {
			isa = PBXTargetDependency;
			target = 8A96B2BA21522A5E002A65D2 /* Clerkie-challenge */;
			targetProxy = 8A96B2D021522A5F002A65D2 /* PBXContainerItemProxy */;
		};
		8A96B2DC21522A5F002A65D2 /* PBXTargetDependency */ = {
			isa = PBXTargetDependency;
			target = 8A96B2BA21522A5E002A65D2 /* Clerkie-challenge */;
			targetProxy = 8A96B2DB21522A5F002A65D2 /* PBXContainerItemProxy */;
		};
/* End PBXTargetDependency section */

/* Begin PBXVariantGroup section */
		8A96B2C721522A5F002A65D2 /* LaunchScreen.storyboard */ = {
			isa = PBXVariantGroup;
			children = (
				8A96B2C821522A5F002A65D2 /* Base */,
			);
			name = LaunchScreen.storyboard;
			sourceTree = "<group>";
		};
/* End PBXVariantGroup section */

/* Begin XCBuildConfiguration section */
		8A96B2E121522A60002A65D2 /* Debug */ = {
			isa = XCBuildConfiguration;
			buildSettings = {
				ALWAYS_SEARCH_USER_PATHS = NO;
				CLANG_ANALYZER_NONNULL = YES;
				CLANG_ANALYZER_NUMBER_OBJECT_CONVERSION = YES_AGGRESSIVE;
				CLANG_CXX_LANGUAGE_STANDARD = "gnu++14";
				CLANG_CXX_LIBRARY = "libc++";
				CLANG_ENABLE_MODULES = YES;
				CLANG_ENABLE_OBJC_ARC = YES;
				CLANG_ENABLE_OBJC_WEAK = YES;
				CLANG_WARN_BLOCK_CAPTURE_AUTORELEASING = YES;
				CLANG_WARN_BOOL_CONVERSION = YES;
				CLANG_WARN_COMMA = YES;
				CLANG_WARN_CONSTANT_CONVERSION = YES;
				CLANG_WARN_DEPRECATED_OBJC_IMPLEMENTATIONS = YES;
				CLANG_WARN_DIRECT_OBJC_ISA_USAGE = YES_ERROR;
				CLANG_WARN_DOCUMENTATION_COMMENTS = YES;
				CLANG_WARN_EMPTY_BODY = YES;
				CLANG_WARN_ENUM_CONVERSION = YES;
				CLANG_WARN_INFINITE_RECURSION = YES;
				CLANG_WARN_INT_CONVERSION = YES;
				CLANG_WARN_NON_LITERAL_NULL_CONVERSION = YES;
				CLANG_WARN_OBJC_IMPLICIT_RETAIN_SELF = YES;
				CLANG_WARN_OBJC_LITERAL_CONVERSION = YES;
				CLANG_WARN_OBJC_ROOT_CLASS = YES_ERROR;
				CLANG_WARN_RANGE_LOOP_ANALYSIS = YES;
				CLANG_WARN_STRICT_PROTOTYPES = YES;
				CLANG_WARN_SUSPICIOUS_MOVE = YES;
				CLANG_WARN_UNGUARDED_AVAILABILITY = YES_AGGRESSIVE;
				CLANG_WARN_UNREACHABLE_CODE = YES;
				CLANG_WARN__DUPLICATE_METHOD_MATCH = YES;
				CODE_SIGN_IDENTITY = "iPhone Developer";
				COPY_PHASE_STRIP = NO;
				DEBUG_INFORMATION_FORMAT = dwarf;
				ENABLE_STRICT_OBJC_MSGSEND = YES;
				ENABLE_TESTABILITY = YES;
				GCC_C_LANGUAGE_STANDARD = gnu11;
				GCC_DYNAMIC_NO_PIC = NO;
				GCC_NO_COMMON_BLOCKS = YES;
				GCC_OPTIMIZATION_LEVEL = 0;
				GCC_PREPROCESSOR_DEFINITIONS = (
					"DEBUG=1",
					"$(inherited)",
				);
				GCC_WARN_64_TO_32_BIT_CONVERSION = YES;
				GCC_WARN_ABOUT_RETURN_TYPE = YES_ERROR;
				GCC_WARN_UNDECLARED_SELECTOR = YES;
				GCC_WARN_UNINITIALIZED_AUTOS = YES_AGGRESSIVE;
				GCC_WARN_UNUSED_FUNCTION = YES;
				GCC_WARN_UNUSED_VARIABLE = YES;
				IPHONEOS_DEPLOYMENT_TARGET = 11.4;
				MTL_ENABLE_DEBUG_INFO = YES;
				ONLY_ACTIVE_ARCH = YES;
				SDKROOT = iphoneos;
				SWIFT_ACTIVE_COMPILATION_CONDITIONS = DEBUG;
				SWIFT_OPTIMIZATION_LEVEL = "-Onone";
			};
			name = Debug;
		};
		8A96B2E221522A60002A65D2 /* Release */ = {
			isa = XCBuildConfiguration;
			buildSettings = {
				ALWAYS_SEARCH_USER_PATHS = NO;
				CLANG_ANALYZER_NONNULL = YES;
				CLANG_ANALYZER_NUMBER_OBJECT_CONVERSION = YES_AGGRESSIVE;
				CLANG_CXX_LANGUAGE_STANDARD = "gnu++14";
				CLANG_CXX_LIBRARY = "libc++";
				CLANG_ENABLE_MODULES = YES;
				CLANG_ENABLE_OBJC_ARC = YES;
				CLANG_ENABLE_OBJC_WEAK = YES;
				CLANG_WARN_BLOCK_CAPTURE_AUTORELEASING = YES;
				CLANG_WARN_BOOL_CONVERSION = YES;
				CLANG_WARN_COMMA = YES;
				CLANG_WARN_CONSTANT_CONVERSION = YES;
				CLANG_WARN_DEPRECATED_OBJC_IMPLEMENTATIONS = YES;
				CLANG_WARN_DIRECT_OBJC_ISA_USAGE = YES_ERROR;
				CLANG_WARN_DOCUMENTATION_COMMENTS = YES;
				CLANG_WARN_EMPTY_BODY = YES;
				CLANG_WARN_ENUM_CONVERSION = YES;
				CLANG_WARN_INFINITE_RECURSION = YES;
				CLANG_WARN_INT_CONVERSION = YES;
				CLANG_WARN_NON_LITERAL_NULL_CONVERSION = YES;
				CLANG_WARN_OBJC_IMPLICIT_RETAIN_SELF = YES;
				CLANG_WARN_OBJC_LITERAL_CONVERSION = YES;
				CLANG_WARN_OBJC_ROOT_CLASS = YES_ERROR;
				CLANG_WARN_RANGE_LOOP_ANALYSIS = YES;
				CLANG_WARN_STRICT_PROTOTYPES = YES;
				CLANG_WARN_SUSPICIOUS_MOVE = YES;
				CLANG_WARN_UNGUARDED_AVAILABILITY = YES_AGGRESSIVE;
				CLANG_WARN_UNREACHABLE_CODE = YES;
				CLANG_WARN__DUPLICATE_METHOD_MATCH = YES;
				CODE_SIGN_IDENTITY = "iPhone Developer";
				COPY_PHASE_STRIP = NO;
				DEBUG_INFORMATION_FORMAT = "dwarf-with-dsym";
				ENABLE_NS_ASSERTIONS = NO;
				ENABLE_STRICT_OBJC_MSGSEND = YES;
				GCC_C_LANGUAGE_STANDARD = gnu11;
				GCC_NO_COMMON_BLOCKS = YES;
				GCC_WARN_64_TO_32_BIT_CONVERSION = YES;
				GCC_WARN_ABOUT_RETURN_TYPE = YES_ERROR;
				GCC_WARN_UNDECLARED_SELECTOR = YES;
				GCC_WARN_UNINITIALIZED_AUTOS = YES_AGGRESSIVE;
				GCC_WARN_UNUSED_FUNCTION = YES;
				GCC_WARN_UNUSED_VARIABLE = YES;
				IPHONEOS_DEPLOYMENT_TARGET = 11.4;
				MTL_ENABLE_DEBUG_INFO = NO;
				SDKROOT = iphoneos;
				SWIFT_COMPILATION_MODE = wholemodule;
				SWIFT_OPTIMIZATION_LEVEL = "-O";
				VALIDATE_PRODUCT = YES;
			};
			name = Release;
		};
		8A96B2E421522A60002A65D2 /* Debug */ = {
			isa = XCBuildConfiguration;
			baseConfigurationReference = 97CC1A6826A5A55544C28827 /* Pods-Clerkie-challenge.debug.xcconfig */;
			buildSettings = {
				ASSETCATALOG_COMPILER_APPICON_NAME = AppIcon;
				CODE_SIGN_STYLE = Automatic;
				DEVELOPMENT_TEAM = W444RWV5J8;
				INFOPLIST_FILE = "Clerkie-challenge/Info.plist";
				LD_RUNPATH_SEARCH_PATHS = (
					"$(inherited)",
					"@executable_path/Frameworks",
				);
				PRODUCT_BUNDLE_IDENTIFIER = "com.Clerkie-challenge";
				PRODUCT_NAME = "$(TARGET_NAME)";
				SWIFT_VERSION = 4.0;
				TARGETED_DEVICE_FAMILY = "1,2";
			};
			name = Debug;
		};
		8A96B2E521522A60002A65D2 /* Release */ = {
			isa = XCBuildConfiguration;
			baseConfigurationReference = 36157E8C7544471D510E0E74 /* Pods-Clerkie-challenge.release.xcconfig */;
			buildSettings = {
				ASSETCATALOG_COMPILER_APPICON_NAME = AppIcon;
				CODE_SIGN_STYLE = Automatic;
				DEVELOPMENT_TEAM = W444RWV5J8;
				INFOPLIST_FILE = "Clerkie-challenge/Info.plist";
				LD_RUNPATH_SEARCH_PATHS = (
					"$(inherited)",
					"@executable_path/Frameworks",
				);
				PRODUCT_BUNDLE_IDENTIFIER = "com.Clerkie-challenge";
				PRODUCT_NAME = "$(TARGET_NAME)";
				SWIFT_VERSION = 4.0;
				TARGETED_DEVICE_FAMILY = "1,2";
			};
			name = Release;
		};
		8A96B2E721522A60002A65D2 /* Debug */ = {
			isa = XCBuildConfiguration;
			baseConfigurationReference = 5D37E627AE64053A7F3CC081 /* Pods-Clerkie-challengeTests.debug.xcconfig */;
			buildSettings = {
				ALWAYS_EMBED_SWIFT_STANDARD_LIBRARIES = YES;
				BUNDLE_LOADER = "$(TEST_HOST)";
				CODE_SIGN_STYLE = Automatic;
				DEVELOPMENT_TEAM = W444RWV5J8;
				INFOPLIST_FILE = "Clerkie-challengeTests/Info.plist";
				LD_RUNPATH_SEARCH_PATHS = (
					"$(inherited)",
					"@executable_path/Frameworks",
					"@loader_path/Frameworks",
				);
				PRODUCT_BUNDLE_IDENTIFIER = "com.Clerkie-challengeTests";
				PRODUCT_NAME = "$(TARGET_NAME)";
				SWIFT_VERSION = 4.0;
				TARGETED_DEVICE_FAMILY = "1,2";
				TEST_HOST = "$(BUILT_PRODUCTS_DIR)/Clerkie-challenge.app/Clerkie-challenge";
			};
			name = Debug;
		};
		8A96B2E821522A60002A65D2 /* Release */ = {
			isa = XCBuildConfiguration;
			baseConfigurationReference = 482DB9DF2EB5D49E84A8C1C2 /* Pods-Clerkie-challengeTests.release.xcconfig */;
			buildSettings = {
				ALWAYS_EMBED_SWIFT_STANDARD_LIBRARIES = YES;
				BUNDLE_LOADER = "$(TEST_HOST)";
				CODE_SIGN_STYLE = Automatic;
				DEVELOPMENT_TEAM = W444RWV5J8;
				INFOPLIST_FILE = "Clerkie-challengeTests/Info.plist";
				LD_RUNPATH_SEARCH_PATHS = (
					"$(inherited)",
					"@executable_path/Frameworks",
					"@loader_path/Frameworks",
				);
				PRODUCT_BUNDLE_IDENTIFIER = "com.Clerkie-challengeTests";
				PRODUCT_NAME = "$(TARGET_NAME)";
				SWIFT_VERSION = 4.0;
				TARGETED_DEVICE_FAMILY = "1,2";
				TEST_HOST = "$(BUILT_PRODUCTS_DIR)/Clerkie-challenge.app/Clerkie-challenge";
			};
			name = Release;
		};
		8A96B2EA21522A60002A65D2 /* Debug */ = {
			isa = XCBuildConfiguration;
			baseConfigurationReference = 721D5D58FF0525A79A2D6E5F /* Pods-Clerkie-challengeUITests.debug.xcconfig */;
			buildSettings = {
				ALWAYS_EMBED_SWIFT_STANDARD_LIBRARIES = YES;
				CODE_SIGN_STYLE = Automatic;
				DEVELOPMENT_TEAM = W444RWV5J8;
				INFOPLIST_FILE = "Clerkie-challengeUITests/Info.plist";
				LD_RUNPATH_SEARCH_PATHS = (
					"$(inherited)",
					"@executable_path/Frameworks",
					"@loader_path/Frameworks",
				);
				PRODUCT_BUNDLE_IDENTIFIER = "com.Clerkie-challengeUITests";
				PRODUCT_NAME = "$(TARGET_NAME)";
				SWIFT_VERSION = 4.0;
				TARGETED_DEVICE_FAMILY = "1,2";
				TEST_TARGET_NAME = "Clerkie-challenge";
			};
			name = Debug;
		};
		8A96B2EB21522A60002A65D2 /* Release */ = {
			isa = XCBuildConfiguration;
			baseConfigurationReference = 6639B224F44C2832EE774746 /* Pods-Clerkie-challengeUITests.release.xcconfig */;
			buildSettings = {
				ALWAYS_EMBED_SWIFT_STANDARD_LIBRARIES = YES;
				CODE_SIGN_STYLE = Automatic;
				DEVELOPMENT_TEAM = W444RWV5J8;
				INFOPLIST_FILE = "Clerkie-challengeUITests/Info.plist";
				LD_RUNPATH_SEARCH_PATHS = (
					"$(inherited)",
					"@executable_path/Frameworks",
					"@loader_path/Frameworks",
				);
				PRODUCT_BUNDLE_IDENTIFIER = "com.Clerkie-challengeUITests";
				PRODUCT_NAME = "$(TARGET_NAME)";
				SWIFT_VERSION = 4.0;
				TARGETED_DEVICE_FAMILY = "1,2";
				TEST_TARGET_NAME = "Clerkie-challenge";
			};
			name = Release;
		};
/* End XCBuildConfiguration section */

/* Begin XCConfigurationList section */
		8A96B2B621522A5E002A65D2 /* Build configuration list for PBXProject "Clerkie-challenge" */ = {
			isa = XCConfigurationList;
			buildConfigurations = (
				8A96B2E121522A60002A65D2 /* Debug */,
				8A96B2E221522A60002A65D2 /* Release */,
			);
			defaultConfigurationIsVisible = 0;
			defaultConfigurationName = Release;
		};
		8A96B2E321522A60002A65D2 /* Build configuration list for PBXNativeTarget "Clerkie-challenge" */ = {
			isa = XCConfigurationList;
			buildConfigurations = (
				8A96B2E421522A60002A65D2 /* Debug */,
				8A96B2E521522A60002A65D2 /* Release */,
			);
			defaultConfigurationIsVisible = 0;
			defaultConfigurationName = Release;
		};
		8A96B2E621522A60002A65D2 /* Build configuration list for PBXNativeTarget "Clerkie-challengeTests" */ = {
			isa = XCConfigurationList;
			buildConfigurations = (
				8A96B2E721522A60002A65D2 /* Debug */,
				8A96B2E821522A60002A65D2 /* Release */,
			);
			defaultConfigurationIsVisible = 0;
			defaultConfigurationName = Release;
		};
		8A96B2E921522A60002A65D2 /* Build configuration list for PBXNativeTarget "Clerkie-challengeUITests" */ = {
			isa = XCConfigurationList;
			buildConfigurations = (
				8A96B2EA21522A60002A65D2 /* Debug */,
				8A96B2EB21522A60002A65D2 /* Release */,
			);
			defaultConfigurationIsVisible = 0;
			defaultConfigurationName = Release;
		};
/* End XCConfigurationList section */
	};
	rootObject = 8A96B2B321522A5E002A65D2 /* Project object */;
}
